<?xml version="1.0" encoding="utf-8"?>
<Project ToolsVersion="4.0" xmlns="http://schemas.microsoft.com/developer/msbuild/2003">
  <ItemGroup>
    <Filter Include="Source Files">
      <UniqueIdentifier>{4FC737F1-C7A5-4376-A066-2A32D752A2FF}</UniqueIdentifier>
      <Extensions>cpp;c;cc;cxx;def;odl;idl;hpj;bat;asm;asmx</Extensions>
    </Filter>
    <Filter Include="Header Files">
      <UniqueIdentifier>{93995380-89BD-4b04-88EB-625FBE52EBFB}</UniqueIdentifier>
      <Extensions>h;hpp;hxx;hm;inl;inc;xsd</Extensions>
    </Filter>
    <Filter Include="Resource Files">
      <UniqueIdentifier>{67DA6AB6-F800-4c08-8B7A-83BB121AAD01}</UniqueIdentifier>
      <Extensions>rc;ico;cur;bmp;dlg;rc2;rct;bin;rgs;gif;jpg;jpeg;jpe;resx;tiff;tif;png;wav;mfcribbon-ms</Extensions>
    </Filter>
  </ItemGroup>
  <ItemGroup>
    <ClInclude Include="resid-fp\envelope.h">
      <Filter>Header Files</Filter>
    </ClInclude>
    <ClInclude Include="resid-fp\extfilt.h">
      <Filter>Header Files</Filter>
    </ClInclude>
    <ClInclude Include="resid-fp\filter.h">
      <Filter>Header Files</Filter>
    </ClInclude>
    <ClInclude Include="resid-fp\pot.h">
      <Filter>Header Files</Filter>
    </ClInclude>
    <ClInclude Include="resid-fp\sid.h">
      <Filter>Header Files</Filter>
    </ClInclude>
    <ClInclude Include="resid-fp\siddefs-fp.h">
      <Filter>Header Files</Filter>
    </ClInclude>
    <ClInclude Include="resid-fp\voice.h">
      <Filter>Header Files</Filter>
    </ClInclude>
    <ClInclude Include="resid-fp\wave.h">
      <Filter>Header Files</Filter>
    </ClInclude>
    <ClInclude Include="6502debug.h">
      <Filter>Header Files</Filter>
    </ClInclude>
    <ClInclude Include="6809tube.h">
      <Filter>Header Files</Filter>
    </ClInclude>
    <ClInclude Include="NS32016\32016.h">
      <Filter>Header Files</Filter>
    </ClInclude>
    <ClInclude Include="NS32016\32016_debug.h">
      <Filter>Header Files</Filter>
    </ClInclude>
    <ClInclude Include="NS32016\Decode.h">
      <Filter>Header Files</Filter>
    </ClInclude>
    <ClInclude Include="NS32016\defs.h">
      <Filter>Header Files</Filter>
    </ClInclude>
    <ClInclude Include="NS32016\mem32016.h">
      <Filter>Header Files</Filter>
    </ClInclude>
    <ClInclude Include="NS32016\NSDis.h">
      <Filter>Header Files</Filter>
    </ClInclude>
    <ClInclude Include="NS32016\Profile.h">
      <Filter>Header Files</Filter>
    </ClInclude>
    <ClInclude Include="NS32016\Trap.h">
      <Filter>Header Files</Filter>
    </ClInclude>
    <ClInclude Include="z80dis.h">
      <Filter>Header Files</Filter>
    </ClInclude>
    <ClInclude Include="darm\darm.h">
      <Filter>Header Files</Filter>
    </ClInclude>
    <ClInclude Include="darm\armv7-tbl.h">
      <Filter>Header Files</Filter>
    </ClInclude>
    <ClInclude Include="darm\darm-internal.h">
      <Filter>Header Files</Filter>
    </ClInclude>
    <ClInclude Include="darm\darm-tbl.h">
      <Filter>Header Files</Filter>
    </ClInclude>
    <ClInclude Include="darm\thumb2.h">
      <Filter>Header Files</Filter>
    </ClInclude>
    <ClInclude Include="darm\thumb2-tbl.h">
      <Filter>Header Files</Filter>
    </ClInclude>
    <ClInclude Include="darm\thumb-tbl.h">
      <Filter>Header Files</Filter>
    </ClInclude>
    <ClInclude Include="compat_wrappers.h">
      <Filter>Header Files</Filter>
    </ClInclude>
    <ClInclude Include="cpu_debug.h">
      <Filter>Header Files</Filter>
    </ClInclude>
    <ClInclude Include="gui-allegro.h">
      <Filter>Header Files</Filter>
    </ClInclude>
    <ClInclude Include="joystick.h">
      <Filter>Header Files</Filter>
    </ClInclude>
    <ClInclude Include="keydef-allegro.h">
      <Filter>Header Files</Filter>
    </ClInclude>
    <ClInclude Include="logging.h">
      <Filter>Header Files</Filter>
    </ClInclude>
    <ClInclude Include="midi.h">
      <Filter>Header Files</Filter>
    </ClInclude>
    <ClInclude Include="music5000.h">
      <Filter>Header Files</Filter>
    </ClInclude>
    <ClInclude Include="music4000.h">
      <Filter>Header Files</Filter>
    </ClInclude>
    <ClInclude Include="music2000.h">
      <Filter>Header Files</Filter>
    </ClInclude>
    <ClInclude Include="scsi.h">
      <Filter>Header Files</Filter>
    </ClInclude>
    <ClInclude Include="sdf.h">
      <Filter>Header Files</Filter>
    </ClInclude>
    <ClInclude Include="sysacia.h">
      <Filter>Header Files</Filter>
    </ClInclude>
    <ClInclude Include="tapecat-allegro.h">
      <Filter>Header Files</Filter>
    </ClInclude>
    <ClInclude Include="vdfs.h">
      <Filter>Header Files</Filter>
    </ClInclude>
    <ClInclude Include="mc6809nc\mc6809.h">
      <Filter>Header Files</Filter>
    </ClInclude>
    <ClInclude Include="mc6809nc\mc6809_debug.h">
      <Filter>Header Files</Filter>
    </ClInclude>
    <ClInclude Include="mc6809nc\mc6809_dis.h">
      <Filter>Header Files</Filter>
    </ClInclude>
    <ClInclude Include="paula.h">
      <Filter>Header Files</Filter>
    </ClInclude>
    <ClInclude Include="debugger_symbols.h">
      <Filter>Header Files</Filter>
    </ClInclude>
    <ClInclude Include="led.h">
      <Filter>Header Files</Filter>
    </ClInclude>
    <ClInclude Include="hfe.h">
      <Filter>Header Files</Filter>
    </ClInclude>
    <ClInclude Include="imd.h">
      <Filter>Header Files</Filter>
    </ClInclude>
    <ClInclude Include="copro-pdp11.h">
      <Filter>Header Files</Filter>
    </ClInclude>
    <ClInclude Include="pdp11\pdp11.h">
      <Filter>Header Files</Filter>
    </ClInclude>
    <ClInclude Include="pdp11\pdp11_debug.h">
      <Filter>Header Files</Filter>
    </ClInclude>
    <ClInclude Include="sprow.h">
      <Filter>Header Files</Filter>
    </ClInclude>
    <ClInclude Include="ssinline.h">
      <Filter>Header Files</Filter>
    </ClInclude>
    <ClInclude Include="ARMulator\acconfig.h">
      <Filter>Header Files</Filter>
    </ClInclude>
    <ClInclude Include="ARMulator\ansidecl.h">
      <Filter>Header Files</Filter>
    </ClInclude>
    <ClInclude Include="ARMulator\armdefs.h">
      <Filter>Header Files</Filter>
    </ClInclude>
    <ClInclude Include="ARMulator\armdis.h">
      <Filter>Header Files</Filter>
    </ClInclude>
    <ClInclude Include="ARMulator\armemu.h">
      <Filter>Header Files</Filter>
    </ClInclude>
    <ClInclude Include="ARMulator\armfpe.h">
      <Filter>Header Files</Filter>
    </ClInclude>
    <ClInclude Include="ARMulator\armopts.h">
      <Filter>Header Files</Filter>
    </ClInclude>
    <ClInclude Include="ARMulator\armos.h">
      <Filter>Header Files</Filter>
    </ClInclude>
    <ClInclude Include="ARMulator\bag.h">
      <Filter>Header Files</Filter>
    </ClInclude>
    <ClInclude Include="ARMulator\config.h">
      <Filter>Header Files</Filter>
    </ClInclude>
    <ClInclude Include="ARMulator\dbg_conf.h">
      <Filter>Header Files</Filter>
    </ClInclude>
    <ClInclude Include="ARMulator\dbg_cp.h">
      <Filter>Header Files</Filter>
    </ClInclude>
    <ClInclude Include="ARMulator\dbg_hif.h">
      <Filter>Header Files</Filter>
    </ClInclude>
    <ClInclude Include="ARMulator\dbg_rdi.h">
      <Filter>Header Files</Filter>
    </ClInclude>
    <ClInclude Include="ARMulator\gdbhost.h">
      <Filter>Header Files</Filter>
    </ClInclude>
    <ClInclude Include="ARMulator\iwmmxt.h">
      <Filter>Header Files</Filter>
    </ClInclude>
    <ClInclude Include="map.h">
      <Filter>Header Files</Filter>
    </ClInclude>
    <ClInclude Include="mmccard.h">
      <Filter>Header Files</Filter>
    </ClInclude>
    <ClInclude Include="fullscreen.h">
      <Filter>Header Files</Filter>
    </ClInclude>
    <ClInclude Include="mc68000tube.h">
      <Filter>Header Files</Filter>
    </ClInclude>
    <ClInclude Include="mmb.h">
      <Filter>Header Files</Filter>
    </ClInclude>
    <ClInclude Include="musahi\m68kops.h">
      <Filter>Header Files</Filter>
    </ClInclude>
    <ClInclude Include="musahi\m68kcpu.h">
      <Filter>Header Files</Filter>
    </ClInclude>
    <ClInclude Include="ml675001.h">
      <Filter>Header Files</Filter>
    </ClInclude>
    <ClInclude Include="armulator.h">
      <Filter>Header Files</Filter>
    </ClInclude>
    <ClInclude Include="textsave.h">
      <Filter>Header Files</Filter>
    </ClInclude>
    <ClInclude Include="musahi\m68k.h">
      <Filter>Header Files</Filter>
    </ClInclude>
    <ClInclude Include="musahi\m68kconf.h">
      <Filter>Header Files</Filter>
    </ClInclude>
    <ClInclude Include="6502.h">
      <Filter>Header Files</Filter>
    </ClInclude>
    <ClInclude Include="6502tube.h">
      <Filter>Header Files</Filter>
    </ClInclude>
    <ClInclude Include="65816.h">
      <Filter>Header Files</Filter>
    </ClInclude>
    <ClInclude Include="acia.h">
      <Filter>Header Files</Filter>
    </ClInclude>
    <ClInclude Include="adc.h">
      <Filter>Header Files</Filter>
    </ClInclude>
    <ClInclude Include="arm.h">
      <Filter>Header Files</Filter>
    </ClInclude>
    <ClInclude Include="b-em.h">
      <Filter>Header Files</Filter>
    </ClInclude>
    <ClInclude Include="cmos.h">
      <Filter>Header Files</Filter>
    </ClInclude>
    <ClInclude Include="compact_joystick.h">
      <Filter>Header Files</Filter>
    </ClInclude>
    <ClInclude Include="compactcmos.h">
      <Filter>Header Files</Filter>
    </ClInclude>
    <ClInclude Include="config.h">
      <Filter>Header Files</Filter>
    </ClInclude>
    <ClInclude Include="csw.h">
      <Filter>Header Files</Filter>
    </ClInclude>
    <ClInclude Include="daa.h">
      <Filter>Header Files</Filter>
    </ClInclude>
    <ClInclude Include="ddnoise.h">
      <Filter>Header Files</Filter>
    </ClInclude>
    <ClInclude Include="debugger.h">
      <Filter>Header Files</Filter>
    </ClInclude>
    <ClInclude Include="fdi.h">
      <Filter>Header Files</Filter>
    </ClInclude>
    <ClInclude Include="fdi2raw.h">
      <Filter>Header Files</Filter>
    </ClInclude>
    <ClInclude Include="i8271.h">
      <Filter>Header Files</Filter>
    </ClInclude>
    <ClInclude Include="ide.h">
      <Filter>Header Files</Filter>
    </ClInclude>
    <ClInclude Include="keyboard.h">
      <Filter>Header Files</Filter>
    </ClInclude>
    <ClInclude Include="main.h">
      <Filter>Header Files</Filter>
    </ClInclude>
    <ClInclude Include="mem.h">
      <Filter>Header Files</Filter>
    </ClInclude>
    <ClInclude Include="model.h">
      <Filter>Header Files</Filter>
    </ClInclude>
    <ClInclude Include="mouse.h">
      <Filter>Header Files</Filter>
    </ClInclude>
    <ClInclude Include="savestate.h">
      <Filter>Header Files</Filter>
    </ClInclude>
    <ClInclude Include="serial.h">
      <Filter>Header Files</Filter>
    </ClInclude>
    <ClInclude Include="sid_b-em.h">
      <Filter>Header Files</Filter>
    </ClInclude>
    <ClInclude Include="sidtypes.h">
      <Filter>Header Files</Filter>
    </ClInclude>
    <ClInclude Include="sn76489.h">
      <Filter>Header Files</Filter>
    </ClInclude>
    <ClInclude Include="sound.h">
      <Filter>Header Files</Filter>
    </ClInclude>
    <ClInclude Include="sysvia.h">
      <Filter>Header Files</Filter>
    </ClInclude>
    <ClInclude Include="tape.h">
      <Filter>Header Files</Filter>
    </ClInclude>
    <ClInclude Include="tapenoise.h">
      <Filter>Header Files</Filter>
    </ClInclude>
    <ClInclude Include="tube.h">
      <Filter>Header Files</Filter>
    </ClInclude>
    <ClInclude Include="uef.h">
      <Filter>Header Files</Filter>
    </ClInclude>
    <ClInclude Include="uservia.h">
      <Filter>Header Files</Filter>
    </ClInclude>
    <ClInclude Include="via.h">
      <Filter>Header Files</Filter>
    </ClInclude>
    <ClInclude Include="video.h">
      <Filter>Header Files</Filter>
    </ClInclude>
    <ClInclude Include="video_render.h">
      <Filter>Header Files</Filter>
    </ClInclude>
    <ClInclude Include="wd1770.h">
      <Filter>Header Files</Filter>
    </ClInclude>
    <ClInclude Include="x86.h">
      <Filter>Header Files</Filter>
    </ClInclude>
    <ClInclude Include="x86_tube.h">
      <Filter>Header Files</Filter>
    </ClInclude>
    <ClInclude Include="z80.h">
      <Filter>Header Files</Filter>
    </ClInclude>
    <ClInclude Include="resources.h">
      <Filter>Header Files</Filter>
    </ClInclude>
    <ClInclude Include="disc.h">
      <Filter>Header Files</Filter>
    </ClInclude>
    <ClInclude Include="pal.h">
      <Filter>Header Files</Filter>
    </ClInclude>
    <ClInclude Include="NS32016\pandora\PandoraV2_00.h">
      <Filter>Header Files</Filter>
    </ClInclude>
  </ItemGroup>
  <ItemGroup>
    <ResourceCompile Include="b-em.rc">
      <Filter>Resource Files</Filter>
    </ResourceCompile>
  </ItemGroup>
  <ItemGroup>
    <ClCompile Include="6502.c">
      <Filter>Source Files</Filter>
    </ClCompile>
    <ClCompile Include="6502tube.c">
      <Filter>Source Files</Filter>
    </ClCompile>
    <ClCompile Include="65816.c">
      <Filter>Source Files</Filter>
    </ClCompile>
    <ClCompile Include="acia.c">
      <Filter>Source Files</Filter>
    </ClCompile>
    <ClCompile Include="adc.c">
      <Filter>Source Files</Filter>
    </ClCompile>
    <ClCompile Include="arm.c">
      <Filter>Source Files</Filter>
    </ClCompile>
    <ClCompile Include="cmos.c">
      <Filter>Source Files</Filter>
    </ClCompile>
    <ClCompile Include="compact_joystick.c">
      <Filter>Source Files</Filter>
    </ClCompile>
    <ClCompile Include="compactcmos.c">
      <Filter>Source Files</Filter>
    </ClCompile>
    <ClCompile Include="config.c">
      <Filter>Source Files</Filter>
    </ClCompile>
    <ClCompile Include="csw.c">
      <Filter>Source Files</Filter>
    </ClCompile>
    <ClCompile Include="ddnoise.c">
      <Filter>Source Files</Filter>
    </ClCompile>
    <ClCompile Include="debugger.c">
      <Filter>Source Files</Filter>
    </ClCompile>
    <ClCompile Include="disc.c">
      <Filter>Source Files</Filter>
    </ClCompile>
    <ClCompile Include="fdi2raw.c">
      <Filter>Source Files</Filter>
    </ClCompile>
    <ClCompile Include="fdi.c">
      <Filter>Source Files</Filter>
    </ClCompile>
    <ClCompile Include="i8271.c">
      <Filter>Source Files</Filter>
    </ClCompile>
    <ClCompile Include="ide.c">
      <Filter>Source Files</Filter>
    </ClCompile>
    <ClCompile Include="keyboard.c">
      <Filter>Source Files</Filter>
    </ClCompile>
    <ClCompile Include="main.c">
      <Filter>Source Files</Filter>
    </ClCompile>
    <ClCompile Include="mem.c">
      <Filter>Source Files</Filter>
    </ClCompile>
    <ClCompile Include="model.c">
      <Filter>Source Files</Filter>
    </ClCompile>
    <ClCompile Include="mouse.c">
      <Filter>Source Files</Filter>
    </ClCompile>
    <ClCompile Include="pal.c">
      <Filter>Source Files</Filter>
    </ClCompile>
    <ClCompile Include="resid.cc">
      <Filter>Source Files</Filter>
    </ClCompile>
    <ClCompile Include="savestate.c">
      <Filter>Source Files</Filter>
    </ClCompile>
    <ClCompile Include="serial.c">
      <Filter>Source Files</Filter>
    </ClCompile>
    <ClCompile Include="sn76489.c">
      <Filter>Source Files</Filter>
    </ClCompile>
    <ClCompile Include="sound.c">
      <Filter>Source Files</Filter>
    </ClCompile>
    <ClCompile Include="sysvia.c">
      <Filter>Source Files</Filter>
    </ClCompile>
    <ClCompile Include="tape.c">
      <Filter>Source Files</Filter>
    </ClCompile>
    <ClCompile Include="tapenoise.c">
      <Filter>Source Files</Filter>
    </ClCompile>
    <ClCompile Include="tube.c">
      <Filter>Source Files</Filter>
    </ClCompile>
    <ClCompile Include="uef.c">
      <Filter>Source Files</Filter>
    </ClCompile>
    <ClCompile Include="uservia.c">
      <Filter>Source Files</Filter>
    </ClCompile>
    <ClCompile Include="via.c">
      <Filter>Source Files</Filter>
    </ClCompile>
    <ClCompile Include="vidalleg.c">
      <Filter>Source Files</Filter>
    </ClCompile>
    <ClCompile Include="video.c">
      <Filter>Source Files</Filter>
    </ClCompile>
    <ClCompile Include="wd1770.c">
      <Filter>Source Files</Filter>
    </ClCompile>
    <ClCompile Include="win.c">
      <Filter>Source Files</Filter>
    </ClCompile>
    <ClCompile Include="x86.c">
      <Filter>Source Files</Filter>
    </ClCompile>
    <ClCompile Include="z80.c">
      <Filter>Source Files</Filter>
    </ClCompile>
    <ClCompile Include="resid-fp\convolve.cc">
      <Filter>Source Files</Filter>
    </ClCompile>
    <ClCompile Include="resid-fp\convolve-sse.cc">
      <Filter>Source Files</Filter>
    </ClCompile>
    <ClCompile Include="resid-fp\envelope.cc">
      <Filter>Source Files</Filter>
    </ClCompile>
    <ClCompile Include="resid-fp\extfilt.cc">
      <Filter>Source Files</Filter>
    </ClCompile>
    <ClCompile Include="resid-fp\filter.cc">
      <Filter>Source Files</Filter>
    </ClCompile>
    <ClCompile Include="resid-fp\pot.cc">
      <Filter>Source Files</Filter>
    </ClCompile>
    <ClCompile Include="resid-fp\sid.cc">
      <Filter>Source Files</Filter>
    </ClCompile>
    <ClCompile Include="resid-fp\voice.cc">
      <Filter>Source Files</Filter>
    </ClCompile>
    <ClCompile Include="resid-fp\wave6581__ST.cc">
      <Filter>Source Files</Filter>
    </ClCompile>
    <ClCompile Include="resid-fp\wave6581_P_T.cc">
      <Filter>Source Files</Filter>
    </ClCompile>
    <ClCompile Include="resid-fp\wave6581_PS_.cc">
      <Filter>Source Files</Filter>
    </ClCompile>
    <ClCompile Include="resid-fp\wave6581_PST.cc">
      <Filter>Source Files</Filter>
    </ClCompile>
    <ClCompile Include="resid-fp\wave8580__ST.cc">
      <Filter>Source Files</Filter>
    </ClCompile>
    <ClCompile Include="resid-fp\wave8580_P_T.cc">
      <Filter>Source Files</Filter>
    </ClCompile>
    <ClCompile Include="resid-fp\wave8580_PS_.cc">
      <Filter>Source Files</Filter>
    </ClCompile>
    <ClCompile Include="resid-fp\wave8580_PST.cc">
      <Filter>Source Files</Filter>
    </ClCompile>
    <ClCompile Include="resid-fp\wave.cc">
      <Filter>Source Files</Filter>
    </ClCompile>
    <ClCompile Include="6502debug.c">
      <Filter>Source Files</Filter>
    </ClCompile>
    <ClCompile Include="6809tube.c">
      <Filter>Source Files</Filter>
    </ClCompile>
    <ClCompile Include="NS32016\32016.c">
      <Filter>Source Files</Filter>
    </ClCompile>
    <ClCompile Include="NS32016\32016_debug.c">
      <Filter>Source Files</Filter>
    </ClCompile>
    <ClCompile Include="NS32016\Decode.c">
      <Filter>Source Files</Filter>
    </ClCompile>
    <ClCompile Include="NS32016\mem32016.c">
      <Filter>Source Files</Filter>
    </ClCompile>
    <ClCompile Include="NS32016\NSDis.c">
      <Filter>Source Files</Filter>
    </ClCompile>
    <ClCompile Include="NS32016\Profile.c">
      <Filter>Source Files</Filter>
    </ClCompile>
    <ClCompile Include="NS32016\Trap.c">
      <Filter>Source Files</Filter>
    </ClCompile>
    <ClCompile Include="z80dis.c">
      <Filter>Source Files</Filter>
    </ClCompile>
    <ClCompile Include="darm\darm.c">
      <Filter>Source Files</Filter>
    </ClCompile>
    <ClCompile Include="darm\armv7.c">
      <Filter>Source Files</Filter>
    </ClCompile>
    <ClCompile Include="darm\armv7-tbl.c">
      <Filter>Source Files</Filter>
    </ClCompile>
    <ClCompile Include="darm\darm-tbl.c">
      <Filter>Source Files</Filter>
    </ClCompile>
    <ClCompile Include="darm\thumb.c">
      <Filter>Source Files</Filter>
    </ClCompile>
    <ClCompile Include="darm\thumb2.c">
      <Filter>Source Files</Filter>
    </ClCompile>
    <ClCompile Include="darm\thumb2-decoder.c">
      <Filter>Source Files</Filter>
    </ClCompile>
    <ClCompile Include="darm\thumb2-tbl.c">
      <Filter>Source Files</Filter>
    </ClCompile>
    <ClCompile Include="darm\thumb-tbl.c">
      <Filter>Source Files</Filter>
    </ClCompile>
    <ClCompile Include="compat_wrappers.c">
      <Filter>Source Files</Filter>
    </ClCompile>
    <ClCompile Include="gui-allegro.c">
      <Filter>Source Files</Filter>
    </ClCompile>
    <ClCompile Include="joystick.c">
      <Filter>Source Files</Filter>
    </ClCompile>
    <ClCompile Include="keydef-allegro.c">
      <Filter>Source Files</Filter>
    </ClCompile>
    <ClCompile Include="logging.c">
      <Filter>Source Files</Filter>
    </ClCompile>
    <ClCompile Include="midi-windows.c">
      <Filter>Source Files</Filter>
    </ClCompile>
    <ClCompile Include="music2000.c">
      <Filter>Source Files</Filter>
    </ClCompile>
    <ClCompile Include="music5000.c">
      <Filter>Source Files</Filter>
    </ClCompile>
    <ClCompile Include="music4000.c">
      <Filter>Source Files</Filter>
    </ClCompile>
    <ClCompile Include="scsi.c">
      <Filter>Source Files</Filter>
    </ClCompile>
    <ClCompile Include="sdf-acc.c">
      <Filter>Source Files</Filter>
    </ClCompile>
    <ClCompile Include="sdf-geo.c">
      <Filter>Source Files</Filter>
    </ClCompile>
    <ClCompile Include="sysacia.c">
      <Filter>Source Files</Filter>
    </ClCompile>
    <ClCompile Include="tapecat-allegro.c">
      <Filter>Source Files</Filter>
    </ClCompile>
    <ClCompile Include="vdfs.c">
      <Filter>Source Files</Filter>
    </ClCompile>
    <ClCompile Include="x86dasm.c">
      <Filter>Source Files</Filter>
    </ClCompile>
    <ClCompile Include="mc6809nc\mc6809_debug.c">
      <Filter>Source Files</Filter>
    </ClCompile>
    <ClCompile Include="mc6809nc\mc6809_dis.c">
      <Filter>Source Files</Filter>
    </ClCompile>
    <ClCompile Include="mc6809nc\mc6809nc.c">
      <Filter>Source Files</Filter>
    </ClCompile>
    <ClCompile Include="paula.c">
      <Filter>Source Files</Filter>
    </ClCompile>
    <ClCompile Include="debugger_symbols.cpp">
      <Filter>Source Files</Filter>
    </ClCompile>
    <ClCompile Include="led.c">
      <Filter>Source Files</Filter>
    </ClCompile>
    <ClCompile Include="hfe.c">
      <Filter>Source Files</Filter>
    </ClCompile>
    <ClCompile Include="imd.c">
      <Filter>Source Files</Filter>
    </ClCompile>
    <ClCompile Include="copro-pdp11.c">
      <Filter>Source Files</Filter>
    </ClCompile>
    <ClCompile Include="pdp11\pdp11.c">
      <Filter>Source Files</Filter>
    </ClCompile>
    <ClCompile Include="pdp11\pdp11_debug.c">
      <Filter>Source Files</Filter>
    </ClCompile>
    <ClCompile Include="sprow.c">
      <Filter>Source Files</Filter>
    </ClCompile>
    <ClCompile Include="ARMulator\armdis.cpp">
      <Filter>Source Files</Filter>
    </ClCompile>
    <ClCompile Include="ARMulator\armemu.c">
      <Filter>Source Files</Filter>
    </ClCompile>
    <ClCompile Include="ARMulator\arminit.c">
      <Filter>Source Files</Filter>
    </ClCompile>
    <ClCompile Include="ARMulator\armmem.c">
      <Filter>Source Files</Filter>
    </ClCompile>
    <ClCompile Include="ARMulator\armsupp.c">
      <Filter>Source Files</Filter>
    </ClCompile>
    <ClCompile Include="ARMulator\bag.c">
      <Filter>Source Files</Filter>
    </ClCompile>
    <ClCompile Include="ARMulator\thumbemu.c">
      <Filter>Source Files</Filter>
    </ClCompile>
    <ClCompile Include="map.c">
      <Filter>Source Files</Filter>
    </ClCompile>
    <ClCompile Include="mmccard.c">
      <Filter>Source Files</Filter>
    </ClCompile>
    <ClCompile Include="fullscreen.c">
      <Filter>Source Files</Filter>
    </ClCompile>
    <ClCompile Include="mc68000tube.c">
      <Filter>Source Files</Filter>
    </ClCompile>
    <ClCompile Include="mmb.c">
      <Filter>Source Files</Filter>
    </ClCompile>
    <ClCompile Include="musahi\m68kops.c">
      <Filter>Source Files</Filter>
    </ClCompile>
    <ClCompile Include="musahi\m68kcpu.c">
      <Filter>Source Files</Filter>
    </ClCompile>
    <ClCompile Include="musahi\m68kdasm.c">
      <Filter>Source Files</Filter>
    </ClCompile>
    <ClCompile Include="textsave.c">
      <Filter>Source Files</Filter>
    </ClCompile>
  </ItemGroup>
  <ItemGroup>
    <None Include="packages.config" />
  </ItemGroup>
  <ItemGroup>
    <Image Include="b-em.ico">
      <Filter>Resource Files</Filter>
    </Image>
  </ItemGroup>
</Project>